{
  "version": 4,
  "terraform_version": "1.7.1",
  "serial": 207,
  "lineage": "7a4f4330-6b77-076f-3a78-8836b091ceaf",
  "outputs": {},
  "resources": [
    {
      "mode": "managed",
      "type": "google_compute_firewall",
      "name": "node-ports",
      "provider": "provider[\"registry.opentofu.org/hashicorp/google\"]",
      "instances": [
        {
          "schema_version": 1,
          "attributes": {
            "allow": [
              {
                "ports": [
                  "7000",
                  "7001",
                  "7199",
                  "9042",
                  "9160"
                ],
                "protocol": "tcp"
              }
            ],
            "creation_timestamp": "2024-05-22T13:48:56.224-07:00",
            "deny": [],
            "description": "",
            "destination_ranges": [],
            "direction": "INGRESS",
            "disabled": false,
            "enable_logging": null,
            "id": "projects/pbl6-422712/global/firewalls/node-ports",
            "log_config": [],
            "name": "node-ports",
            "network": "https://www.googleapis.com/compute/v1/projects/pbl6-422712/global/networks/default",
            "priority": 1000,
            "project": "pbl6-422712",
            "self_link": "https://www.googleapis.com/compute/v1/projects/pbl6-422712/global/firewalls/node-ports",
            "source_ranges": [
              "0.0.0.0/0"
            ],
            "source_service_accounts": [],
            "source_tags": [],
            "target_service_accounts": [],
            "target_tags": [
              "node"
            ],
            "timeouts": null
          },
          "sensitive_attributes": [],
          "private": "eyJlMmJmYjczMC1lY2FhLTExZTYtOGY4OC0zNDM2M2JjN2M0YzAiOnsiY3JlYXRlIjoxMjAwMDAwMDAwMDAwLCJkZWxldGUiOjEyMDAwMDAwMDAwMDAsInVwZGF0ZSI6MTIwMDAwMDAwMDAwMH0sInNjaGVtYV92ZXJzaW9uIjoiMSJ9"
        }
      ]
    },
    {
      "mode": "managed",
      "type": "google_compute_instance",
      "name": "node",
      "provider": "provider[\"registry.opentofu.org/hashicorp/google\"]",
      "instances": [
        {
          "index_key": "node1",
          "schema_version": 6,
          "attributes": {
            "advanced_machine_features": [],
            "allow_stopping_for_update": null,
            "attached_disk": [],
            "boot_disk": [
              {
                "auto_delete": true,
                "device_name": "node",
                "disk_encryption_key_raw": "",
                "disk_encryption_key_sha256": "",
                "initialize_params": [
                  {
                    "enable_confidential_compute": false,
                    "image": "https://www.googleapis.com/compute/v1/projects/debian-cloud/global/images/debian-12-bookworm-v20240110",
                    "labels": {},
                    "provisioned_iops": 0,
                    "provisioned_throughput": 0,
                    "resource_manager_tags": {},
                    "size": 10,
                    "type": "pd-balanced"
                  }
                ],
                "kms_key_self_link": "",
                "mode": "READ_WRITE",
                "source": "https://www.googleapis.com/compute/v1/projects/pbl6-422712/zones/us-central1-a/disks/node1"
              }
            ],
            "can_ip_forward": false,
            "confidential_instance_config": [],
            "cpu_platform": "Intel Broadwell",
            "current_status": "RUNNING",
            "deletion_protection": false,
            "description": "",
            "desired_status": null,
            "effective_labels": {},
            "enable_display": false,
            "guest_accelerator": [],
            "hostname": "",
            "id": "projects/pbl6-422712/zones/us-central1-a/instances/node1",
            "instance_id": "810635446263735510",
            "label_fingerprint": "42WmSpB8rSM=",
            "labels": {},
            "machine_type": "e2-medium",
            "metadata": {
              "ssh-keys": "user:ssh-rsa AAAAB3NzaC1yc2EAAAADAQABAAABgQCvasPN1vENRyU7DQAWwLE7uB3M2S2dYCmc5VeUzI99ClcAx6VoWC8OlOjeTs9WMSUhUH7vTA5shX5JaPb+FUOmocGlPGF9QerMkeDCKg25KzrirWjb0nZxMRuz7Ex9D1c1bxav8rHOxcwDDng15RYxzAu0Uck/BCevhNdMnpZ+YIvSgSJOVyDSZwcpACiU/GHx14JgVWo9flZ8yN+AIrdOsFDo1LbpgX2uSpQGe3TadxLSJ+dgp3BXGmCn7K/vl/5u3U4ME5847QkvYjrfof5JPDqFizdLpKdMWg4E9vTLBtecm5WxSXF8li4Ag8iX8bBHLYTGi970WkduEJO6w5fo5H2FZn8gjzOE4TCtRMKFDpNHsjXr4FRk9HagAZEhb67P/TphT8cplunkjKV61dd8hFjlfqyxuYvgCz7P2bGDpaln8vVW1wOrxzhhTNWFefeAZA3mVp4pkE4TjQN5QaqU9J8acKNBXziFEJce39A1l9FvK5sBo0k97xZNR/9FIu0= user\n"
            },
            "metadata_fingerprint": "jpixtJZYtsg=",
            "metadata_startup_script": "#!/bin/bash\necho 'user ALL=(ALL:ALL) ALL' | sudo tee -a /etc/sudoers.d/ansible\n",
            "min_cpu_platform": "",
            "name": "node1",
            "network_interface": [
              {
                "access_config": [
                  {
                    "nat_ip": "34.173.184.227",
                    "network_tier": "PREMIUM",
                    "public_ptr_domain_name": ""
                  }
                ],
                "alias_ip_range": [],
                "internal_ipv6_prefix_length": 0,
                "ipv6_access_config": [],
                "ipv6_access_type": "",
                "ipv6_address": "",
                "name": "nic0",
                "network": "https://www.googleapis.com/compute/v1/projects/pbl6-422712/global/networks/default",
                "network_ip": "10.128.15.204",
                "nic_type": "",
                "queue_count": 0,
                "stack_type": "IPV4_ONLY",
                "subnetwork": "https://www.googleapis.com/compute/v1/projects/pbl6-422712/regions/us-central1/subnetworks/default",
                "subnetwork_project": "pbl6-422712"
              }
            ],
            "network_performance_config": [],
            "params": [],
            "project": "pbl6-422712",
            "reservation_affinity": [],
            "resource_policies": [],
            "scheduling": [
              {
                "automatic_restart": true,
                "instance_termination_action": "",
                "local_ssd_recovery_timeout": [],
                "min_node_cpus": 0,
                "node_affinities": [],
                "on_host_maintenance": "MIGRATE",
                "preemptible": false,
                "provisioning_model": "STANDARD"
              }
            ],
            "scratch_disk": [],
            "self_link": "https://www.googleapis.com/compute/v1/projects/pbl6-422712/zones/us-central1-a/instances/node1",
            "service_account": [
              {
                "email": "opentofu@pbl6-422712.iam.gserviceaccount.com",
                "scopes": [
                  "https://www.googleapis.com/auth/devstorage.read_only",
                  "https://www.googleapis.com/auth/logging.write",
                  "https://www.googleapis.com/auth/monitoring.write",
                  "https://www.googleapis.com/auth/service.management.readonly",
                  "https://www.googleapis.com/auth/servicecontrol",
                  "https://www.googleapis.com/auth/trace.append"
                ]
              }
            ],
            "shielded_instance_config": [
              {
                "enable_integrity_monitoring": true,
                "enable_secure_boot": false,
                "enable_vtpm": true
              }
            ],
            "tags": [
              "http-server",
              "https-server"
            ],
            "tags_fingerprint": "6smc4R4d39I=",
            "terraform_labels": {},
            "timeouts": null,
            "zone": "us-central1-a"
          },
          "sensitive_attributes": [],
          "private": "eyJlMmJmYjczMC1lY2FhLTExZTYtOGY4OC0zNDM2M2JjN2M0YzAiOnsiY3JlYXRlIjoxMjAwMDAwMDAwMDAwLCJkZWxldGUiOjEyMDAwMDAwMDAwMDAsInVwZGF0ZSI6MTIwMDAwMDAwMDAwMH0sInNjaGVtYV92ZXJzaW9uIjoiNiJ9"
        },
        {
          "index_key": "node2",
          "schema_version": 6,
          "attributes": {
            "advanced_machine_features": [],
            "allow_stopping_for_update": null,
            "attached_disk": [],
            "boot_disk": [
              {
                "auto_delete": true,
                "device_name": "node",
                "disk_encryption_key_raw": "",
                "disk_encryption_key_sha256": "",
                "initialize_params": [
                  {
                    "enable_confidential_compute": false,
                    "image": "https://www.googleapis.com/compute/v1/projects/debian-cloud/global/images/debian-12-bookworm-v20240110",
                    "labels": {},
                    "provisioned_iops": 0,
                    "provisioned_throughput": 0,
                    "resource_manager_tags": {},
                    "size": 10,
                    "type": "pd-balanced"
                  }
                ],
                "kms_key_self_link": "",
                "mode": "READ_WRITE",
                "source": "https://www.googleapis.com/compute/v1/projects/pbl6-422712/zones/us-central1-a/disks/node2"
              }
            ],
            "can_ip_forward": false,
            "confidential_instance_config": [],
            "cpu_platform": "Intel Broadwell",
            "current_status": "RUNNING",
            "deletion_protection": false,
            "description": "",
            "desired_status": null,
            "effective_labels": {},
            "enable_display": false,
            "guest_accelerator": [],
            "hostname": "",
            "id": "projects/pbl6-422712/zones/us-central1-a/instances/node2",
            "instance_id": "1454463941720925398",
            "label_fingerprint": "42WmSpB8rSM=",
            "labels": {},
            "machine_type": "e2-medium",
            "metadata": {
              "ssh-keys": "user:ssh-rsa AAAAB3NzaC1yc2EAAAADAQABAAABgQCvasPN1vENRyU7DQAWwLE7uB3M2S2dYCmc5VeUzI99ClcAx6VoWC8OlOjeTs9WMSUhUH7vTA5shX5JaPb+FUOmocGlPGF9QerMkeDCKg25KzrirWjb0nZxMRuz7Ex9D1c1bxav8rHOxcwDDng15RYxzAu0Uck/BCevhNdMnpZ+YIvSgSJOVyDSZwcpACiU/GHx14JgVWo9flZ8yN+AIrdOsFDo1LbpgX2uSpQGe3TadxLSJ+dgp3BXGmCn7K/vl/5u3U4ME5847QkvYjrfof5JPDqFizdLpKdMWg4E9vTLBtecm5WxSXF8li4Ag8iX8bBHLYTGi970WkduEJO6w5fo5H2FZn8gjzOE4TCtRMKFDpNHsjXr4FRk9HagAZEhb67P/TphT8cplunkjKV61dd8hFjlfqyxuYvgCz7P2bGDpaln8vVW1wOrxzhhTNWFefeAZA3mVp4pkE4TjQN5QaqU9J8acKNBXziFEJce39A1l9FvK5sBo0k97xZNR/9FIu0= user\n"
            },
            "metadata_fingerprint": "jpixtJZYtsg=",
            "metadata_startup_script": "#!/bin/bash\necho 'user ALL=(ALL:ALL) ALL' | sudo tee -a /etc/sudoers.d/ansible\n",
            "min_cpu_platform": "",
            "name": "node2",
            "network_interface": [
              {
                "access_config": [
                  {
                    "nat_ip": "35.193.184.93",
                    "network_tier": "PREMIUM",
                    "public_ptr_domain_name": ""
                  }
                ],
                "alias_ip_range": [],
                "internal_ipv6_prefix_length": 0,
                "ipv6_access_config": [],
                "ipv6_access_type": "",
                "ipv6_address": "",
                "name": "nic0",
                "network": "https://www.googleapis.com/compute/v1/projects/pbl6-422712/global/networks/default",
                "network_ip": "10.128.15.202",
                "nic_type": "",
                "queue_count": 0,
                "stack_type": "IPV4_ONLY",
                "subnetwork": "https://www.googleapis.com/compute/v1/projects/pbl6-422712/regions/us-central1/subnetworks/default",
                "subnetwork_project": "pbl6-422712"
              }
            ],
            "network_performance_config": [],
            "params": [],
            "project": "pbl6-422712",
            "reservation_affinity": [],
            "resource_policies": [],
            "scheduling": [
              {
                "automatic_restart": true,
                "instance_termination_action": "",
                "local_ssd_recovery_timeout": [],
                "min_node_cpus": 0,
                "node_affinities": [],
                "on_host_maintenance": "MIGRATE",
                "preemptible": false,
                "provisioning_model": "STANDARD"
              }
            ],
            "scratch_disk": [],
            "self_link": "https://www.googleapis.com/compute/v1/projects/pbl6-422712/zones/us-central1-a/instances/node2",
            "service_account": [
              {
                "email": "opentofu@pbl6-422712.iam.gserviceaccount.com",
                "scopes": [
                  "https://www.googleapis.com/auth/devstorage.read_only",
                  "https://www.googleapis.com/auth/logging.write",
                  "https://www.googleapis.com/auth/monitoring.write",
                  "https://www.googleapis.com/auth/service.management.readonly",
                  "https://www.googleapis.com/auth/servicecontrol",
                  "https://www.googleapis.com/auth/trace.append"
                ]
              }
            ],
            "shielded_instance_config": [
              {
                "enable_integrity_monitoring": true,
                "enable_secure_boot": false,
                "enable_vtpm": true
              }
            ],
            "tags": [
              "http-server",
              "https-server"
            ],
            "tags_fingerprint": "6smc4R4d39I=",
            "terraform_labels": {},
            "timeouts": null,
            "zone": "us-central1-a"
          },
          "sensitive_attributes": [],
          "private": "eyJlMmJmYjczMC1lY2FhLTExZTYtOGY4OC0zNDM2M2JjN2M0YzAiOnsiY3JlYXRlIjoxMjAwMDAwMDAwMDAwLCJkZWxldGUiOjEyMDAwMDAwMDAwMDAsInVwZGF0ZSI6MTIwMDAwMDAwMDAwMH0sInNjaGVtYV92ZXJzaW9uIjoiNiJ9"
        },
        {
          "index_key": "node3",
          "schema_version": 6,
          "attributes": {
            "advanced_machine_features": [],
            "allow_stopping_for_update": null,
            "attached_disk": [],
            "boot_disk": [
              {
                "auto_delete": true,
                "device_name": "node",
                "disk_encryption_key_raw": "",
                "disk_encryption_key_sha256": "",
                "initialize_params": [
                  {
                    "enable_confidential_compute": false,
                    "image": "https://www.googleapis.com/compute/v1/projects/debian-cloud/global/images/debian-12-bookworm-v20240110",
                    "labels": {},
                    "provisioned_iops": 0,
                    "provisioned_throughput": 0,
                    "resource_manager_tags": {},
                    "size": 10,
                    "type": "pd-balanced"
                  }
                ],
                "kms_key_self_link": "",
                "mode": "READ_WRITE",
                "source": "https://www.googleapis.com/compute/v1/projects/pbl6-422712/zones/us-central1-a/disks/node3"
              }
            ],
            "can_ip_forward": false,
            "confidential_instance_config": [],
            "cpu_platform": "Intel Broadwell",
            "current_status": "RUNNING",
            "deletion_protection": false,
            "description": "",
            "desired_status": null,
            "effective_labels": {},
            "enable_display": false,
            "guest_accelerator": [],
            "hostname": "",
            "id": "projects/pbl6-422712/zones/us-central1-a/instances/node3",
            "instance_id": "3120105271891059926",
            "label_fingerprint": "42WmSpB8rSM=",
            "labels": {},
            "machine_type": "e2-medium",
            "metadata": {
              "ssh-keys": "user:ssh-rsa AAAAB3NzaC1yc2EAAAADAQABAAABgQCvasPN1vENRyU7DQAWwLE7uB3M2S2dYCmc5VeUzI99ClcAx6VoWC8OlOjeTs9WMSUhUH7vTA5shX5JaPb+FUOmocGlPGF9QerMkeDCKg25KzrirWjb0nZxMRuz7Ex9D1c1bxav8rHOxcwDDng15RYxzAu0Uck/BCevhNdMnpZ+YIvSgSJOVyDSZwcpACiU/GHx14JgVWo9flZ8yN+AIrdOsFDo1LbpgX2uSpQGe3TadxLSJ+dgp3BXGmCn7K/vl/5u3U4ME5847QkvYjrfof5JPDqFizdLpKdMWg4E9vTLBtecm5WxSXF8li4Ag8iX8bBHLYTGi970WkduEJO6w5fo5H2FZn8gjzOE4TCtRMKFDpNHsjXr4FRk9HagAZEhb67P/TphT8cplunkjKV61dd8hFjlfqyxuYvgCz7P2bGDpaln8vVW1wOrxzhhTNWFefeAZA3mVp4pkE4TjQN5QaqU9J8acKNBXziFEJce39A1l9FvK5sBo0k97xZNR/9FIu0= user\n"
            },
            "metadata_fingerprint": "jpixtJZYtsg=",
            "metadata_startup_script": "#!/bin/bash\necho 'user ALL=(ALL:ALL) ALL' | sudo tee -a /etc/sudoers.d/ansible\n",
            "min_cpu_platform": "",
            "name": "node3",
            "network_interface": [
              {
                "access_config": [
                  {
                    "nat_ip": "34.29.173.219",
                    "network_tier": "PREMIUM",
                    "public_ptr_domain_name": ""
                  }
                ],
                "alias_ip_range": [],
                "internal_ipv6_prefix_length": 0,
                "ipv6_access_config": [],
                "ipv6_access_type": "",
                "ipv6_address": "",
                "name": "nic0",
                "network": "https://www.googleapis.com/compute/v1/projects/pbl6-422712/global/networks/default",
                "network_ip": "10.128.15.201",
                "nic_type": "",
                "queue_count": 0,
                "stack_type": "IPV4_ONLY",
                "subnetwork": "https://www.googleapis.com/compute/v1/projects/pbl6-422712/regions/us-central1/subnetworks/default",
                "subnetwork_project": "pbl6-422712"
              }
            ],
            "network_performance_config": [],
            "params": [],
            "project": "pbl6-422712",
            "reservation_affinity": [],
            "resource_policies": [],
            "scheduling": [
              {
                "automatic_restart": true,
                "instance_termination_action": "",
                "local_ssd_recovery_timeout": [],
                "min_node_cpus": 0,
                "node_affinities": [],
                "on_host_maintenance": "MIGRATE",
                "preemptible": false,
                "provisioning_model": "STANDARD"
              }
            ],
            "scratch_disk": [],
            "self_link": "https://www.googleapis.com/compute/v1/projects/pbl6-422712/zones/us-central1-a/instances/node3",
            "service_account": [
              {
                "email": "opentofu@pbl6-422712.iam.gserviceaccount.com",
                "scopes": [
                  "https://www.googleapis.com/auth/devstorage.read_only",
                  "https://www.googleapis.com/auth/logging.write",
                  "https://www.googleapis.com/auth/monitoring.write",
                  "https://www.googleapis.com/auth/service.management.readonly",
                  "https://www.googleapis.com/auth/servicecontrol",
                  "https://www.googleapis.com/auth/trace.append"
                ]
              }
            ],
            "shielded_instance_config": [
              {
                "enable_integrity_monitoring": true,
                "enable_secure_boot": false,
                "enable_vtpm": true
              }
            ],
            "tags": [
              "http-server",
              "https-server"
            ],
            "tags_fingerprint": "6smc4R4d39I=",
            "terraform_labels": {},
            "timeouts": null,
            "zone": "us-central1-a"
          },
          "sensitive_attributes": [],
          "private": "eyJlMmJmYjczMC1lY2FhLTExZTYtOGY4OC0zNDM2M2JjN2M0YzAiOnsiY3JlYXRlIjoxMjAwMDAwMDAwMDAwLCJkZWxldGUiOjEyMDAwMDAwMDAwMDAsInVwZGF0ZSI6MTIwMDAwMDAwMDAwMH0sInNjaGVtYV92ZXJzaW9uIjoiNiJ9"
        }
      ]
    }
  ],
  "check_results": null
}
